// !$*UTF8*$!
{
	archiveVersion = 1;
	classes = {
	};
	objectVersion = 55;
	objects = {

/* Begin PBXBuildFile section */
		B63BD1AF290E8579005D62F0 /* main.m in Sources */ = {isa = PBXBuildFile; fileRef = B63BD1AE290E8579005D62F0 /* main.m */; };
		B63BD1B5290E8F43005D62F0 /* Student.m in Sources */ = {isa = PBXBuildFile; fileRef = B63BD1B4290E8F43005D62F0 /* Student.m */; };
		B63BD1BE2917976F005D62F0 /* AppDelegate.m in Sources */ = {isa = PBXBuildFile; fileRef = B63BD1BD2917976F005D62F0 /* AppDelegate.m */; };
		B63BD1C12917976F005D62F0 /* SceneDelegate.m in Sources */ = {isa = PBXBuildFile; fileRef = B63BD1C02917976F005D62F0 /* SceneDelegate.m */; };
		B63BD1C42917976F005D62F0 /* ViewController.m in Sources */ = {isa = PBXBuildFile; fileRef = B63BD1C32917976F005D62F0 /* ViewController.m */; };
		B63BD1C72917976F005D62F0 /* Main.storyboard in Resources */ = {isa = PBXBuildFile; fileRef = B63BD1C52917976F005D62F0 /* Main.storyboard */; };
		B63BD1C929179775005D62F0 /* Assets.xcassets in Resources */ = {isa = PBXBuildFile; fileRef = B63BD1C829179775005D62F0 /* Assets.xcassets */; };
		B63BD1CC29179775005D62F0 /* LaunchScreen.storyboard in Resources */ = {isa = PBXBuildFile; fileRef = B63BD1CA29179775005D62F0 /* LaunchScreen.storyboard */; };
		B63BD1CF29179775005D62F0 /* main.m in Sources */ = {isa = PBXBuildFile; fileRef = B63BD1CE29179775005D62F0 /* main.m */; };
		B63BD1D929179775005D62F0 /* uikit_exampleTests.m in Sources */ = {isa = PBXBuildFile; fileRef = B63BD1D829179775005D62F0 /* uikit_exampleTests.m */; };
		B63BD1E329179775005D62F0 /* uikit_exampleUITests.m in Sources */ = {isa = PBXBuildFile; fileRef = B63BD1E229179775005D62F0 /* uikit_exampleUITests.m */; };
		B63BD1E529179775005D62F0 /* uikit_exampleUITestsLaunchTests.m in Sources */ = {isa = PBXBuildFile; fileRef = B63BD1E429179775005D62F0 /* uikit_exampleUITestsLaunchTests.m */; };
		B63BD1F729179E85005D62F0 /* AppDelegate.m in Sources */ = {isa = PBXBuildFile; fileRef = B63BD1F629179E85005D62F0 /* AppDelegate.m */; };
		B63BD1FA29179E85005D62F0 /* SceneDelegate.m in Sources */ = {isa = PBXBuildFile; fileRef = B63BD1F929179E85005D62F0 /* SceneDelegate.m */; };
		B63BD1FD29179E85005D62F0 /* ViewController.m in Sources */ = {isa = PBXBuildFile; fileRef = B63BD1FC29179E85005D62F0 /* ViewController.m */; };
		B63BD20029179E85005D62F0 /* Main.storyboard in Resources */ = {isa = PBXBuildFile; fileRef = B63BD1FE29179E85005D62F0 /* Main.storyboard */; };
		B63BD20229179E87005D62F0 /* Assets.xcassets in Resources */ = {isa = PBXBuildFile; fileRef = B63BD20129179E87005D62F0 /* Assets.xcassets */; };
		B63BD20529179E87005D62F0 /* LaunchScreen.storyboard in Resources */ = {isa = PBXBuildFile; fileRef = B63BD20329179E87005D62F0 /* LaunchScreen.storyboard */; };
		B63BD20829179E87005D62F0 /* main.m in Sources */ = {isa = PBXBuildFile; fileRef = B63BD20729179E87005D62F0 /* main.m */; };
		B63BD2132917AAED005D62F0 /* pictures.plist in Resources */ = {isa = PBXBuildFile; fileRef = B63BD2122917AAED005D62F0 /* pictures.plist */; };
		B65C52CD290C2011008F5368 /* main.m in Sources */ = {isa = PBXBuildFile; fileRef = B65C52CC290C2011008F5368 /* main.m */; };
		B65C52DA290C2273008F5368 /* main.m in Sources */ = {isa = PBXBuildFile; fileRef = B65C52D9290C2273008F5368 /* main.m */; };
		B65C52E0290C22A2008F5368 /* Student.m in Sources */ = {isa = PBXBuildFile; fileRef = B65C52DF290C22A2008F5368 /* Student.m */; };
		B6BE205E291A9F86003E2CD8 /* AppDelegate.m in Sources */ = {isa = PBXBuildFile; fileRef = B6BE205D291A9F86003E2CD8 /* AppDelegate.m */; };
		B6BE2061291A9F86003E2CD8 /* SceneDelegate.m in Sources */ = {isa = PBXBuildFile; fileRef = B6BE2060291A9F86003E2CD8 /* SceneDelegate.m */; };
		B6BE2064291A9F86003E2CD8 /* ViewController.m in Sources */ = {isa = PBXBuildFile; fileRef = B6BE2063291A9F86003E2CD8 /* ViewController.m */; };
		B6BE2067291A9F86003E2CD8 /* Main.storyboard in Resources */ = {isa = PBXBuildFile; fileRef = B6BE2065291A9F86003E2CD8 /* Main.storyboard */; };
		B6BE2069291A9F88003E2CD8 /* Assets.xcassets in Resources */ = {isa = PBXBuildFile; fileRef = B6BE2068291A9F88003E2CD8 /* Assets.xcassets */; };
		B6BE206C291A9F88003E2CD8 /* LaunchScreen.storyboard in Resources */ = {isa = PBXBuildFile; fileRef = B6BE206A291A9F88003E2CD8 /* LaunchScreen.storyboard */; };
		B6BE206F291A9F88003E2CD8 /* main.m in Sources */ = {isa = PBXBuildFile; fileRef = B6BE206E291A9F88003E2CD8 /* main.m */; };
		B6BE2076291AA024003E2CD8 /* AppStoreCell.xib in Resources */ = {isa = PBXBuildFile; fileRef = B6BE2075291AA024003E2CD8 /* AppStoreCell.xib */; };
		B6BE2079291AA06C003E2CD8 /* AppStoreCell.m in Sources */ = {isa = PBXBuildFile; fileRef = B6BE2078291AA06C003E2CD8 /* AppStoreCell.m */; };
		B6BE207C291AA34F003E2CD8 /* AppStoreModel.m in Sources */ = {isa = PBXBuildFile; fileRef = B6BE207B291AA34F003E2CD8 /* AppStoreModel.m */; };
		B6BE207E291AA414003E2CD8 /* appstore.plist in Resources */ = {isa = PBXBuildFile; fileRef = B6BE207D291AA414003E2CD8 /* appstore.plist */; };
/* End PBXBuildFile section */

/* Begin PBXContainerItemProxy section */
		B63BD1D529179775005D62F0 /* PBXContainerItemProxy */ = {
			isa = PBXContainerItemProxy;
			containerPortal = B65C52C1290C2011008F5368 /* Project object */;
			proxyType = 1;
			remoteGlobalIDString = B63BD1B92917976F005D62F0;
			remoteInfo = "uikit-example";
		};
		B63BD1DF29179775005D62F0 /* PBXContainerItemProxy */ = {
			isa = PBXContainerItemProxy;
			containerPortal = B65C52C1290C2011008F5368 /* Project object */;
			proxyType = 1;
			remoteGlobalIDString = B63BD1B92917976F005D62F0;
			remoteInfo = "uikit-example";
		};
/* End PBXContainerItemProxy section */

/* Begin PBXCopyFilesBuildPhase section */
		B63BD1AA290E8579005D62F0 /* CopyFiles */ = {
			isa = PBXCopyFilesBuildPhase;
			buildActionMask = 2147483647;
			dstPath = /usr/share/man/man1/;
			dstSubfolderSpec = 0;
			files = (
			);
			runOnlyForDeploymentPostprocessing = 1;
		};
		B65C52C7290C2011008F5368 /* CopyFiles */ = {
			isa = PBXCopyFilesBuildPhase;
			buildActionMask = 2147483647;
			dstPath = /usr/share/man/man1/;
			dstSubfolderSpec = 0;
			files = (
			);
			runOnlyForDeploymentPostprocessing = 1;
		};
		B65C52D5290C2273008F5368 /* CopyFiles */ = {
			isa = PBXCopyFilesBuildPhase;
			buildActionMask = 2147483647;
			dstPath = /usr/share/man/man1/;
			dstSubfolderSpec = 0;
			files = (
			);
			runOnlyForDeploymentPostprocessing = 1;
		};
/* End PBXCopyFilesBuildPhase section */

/* Begin PBXFileReference section */
		B63BD1AC290E8579005D62F0 /* oc-class-property-example */ = {isa = PBXFileReference; explicitFileType = "compiled.mach-o.executable"; includeInIndex = 0; path = "oc-class-property-example"; sourceTree = BUILT_PRODUCTS_DIR; };
		B63BD1AE290E8579005D62F0 /* main.m */ = {isa = PBXFileReference; lastKnownFileType = sourcecode.c.objc; path = main.m; sourceTree = "<group>"; };
		B63BD1B3290E8F43005D62F0 /* Student.h */ = {isa = PBXFileReference; lastKnownFileType = sourcecode.c.h; path = Student.h; sourceTree = "<group>"; };
		B63BD1B4290E8F43005D62F0 /* Student.m */ = {isa = PBXFileReference; lastKnownFileType = sourcecode.c.objc; path = Student.m; sourceTree = "<group>"; };
		B63BD1BA2917976F005D62F0 /* uikit-example.app */ = {isa = PBXFileReference; explicitFileType = wrapper.application; includeInIndex = 0; path = "uikit-example.app"; sourceTree = BUILT_PRODUCTS_DIR; };
		B63BD1BC2917976F005D62F0 /* AppDelegate.h */ = {isa = PBXFileReference; lastKnownFileType = sourcecode.c.h; path = AppDelegate.h; sourceTree = "<group>"; };
		B63BD1BD2917976F005D62F0 /* AppDelegate.m */ = {isa = PBXFileReference; lastKnownFileType = sourcecode.c.objc; path = AppDelegate.m; sourceTree = "<group>"; };
		B63BD1BF2917976F005D62F0 /* SceneDelegate.h */ = {isa = PBXFileReference; lastKnownFileType = sourcecode.c.h; path = SceneDelegate.h; sourceTree = "<group>"; };
		B63BD1C02917976F005D62F0 /* SceneDelegate.m */ = {isa = PBXFileReference; lastKnownFileType = sourcecode.c.objc; path = SceneDelegate.m; sourceTree = "<group>"; };
		B63BD1C22917976F005D62F0 /* ViewController.h */ = {isa = PBXFileReference; lastKnownFileType = sourcecode.c.h; path = ViewController.h; sourceTree = "<group>"; };
		B63BD1C32917976F005D62F0 /* ViewController.m */ = {isa = PBXFileReference; lastKnownFileType = sourcecode.c.objc; path = ViewController.m; sourceTree = "<group>"; };
		B63BD1C62917976F005D62F0 /* Base */ = {isa = PBXFileReference; lastKnownFileType = file.storyboard; name = Base; path = Base.lproj/Main.storyboard; sourceTree = "<group>"; };
		B63BD1C829179775005D62F0 /* Assets.xcassets */ = {isa = PBXFileReference; lastKnownFileType = folder.assetcatalog; path = Assets.xcassets; sourceTree = "<group>"; };
		B63BD1CB29179775005D62F0 /* Base */ = {isa = PBXFileReference; lastKnownFileType = file.storyboard; name = Base; path = Base.lproj/LaunchScreen.storyboard; sourceTree = "<group>"; };
		B63BD1CD29179775005D62F0 /* Info.plist */ = {isa = PBXFileReference; lastKnownFileType = text.plist.xml; path = Info.plist; sourceTree = "<group>"; };
		B63BD1CE29179775005D62F0 /* main.m */ = {isa = PBXFileReference; lastKnownFileType = sourcecode.c.objc; path = main.m; sourceTree = "<group>"; };
		B63BD1D429179775005D62F0 /* uikit-exampleTests.xctest */ = {isa = PBXFileReference; explicitFileType = wrapper.cfbundle; includeInIndex = 0; path = "uikit-exampleTests.xctest"; sourceTree = BUILT_PRODUCTS_DIR; };
		B63BD1D829179775005D62F0 /* uikit_exampleTests.m */ = {isa = PBXFileReference; lastKnownFileType = sourcecode.c.objc; path = uikit_exampleTests.m; sourceTree = "<group>"; };
		B63BD1DE29179775005D62F0 /* uikit-exampleUITests.xctest */ = {isa = PBXFileReference; explicitFileType = wrapper.cfbundle; includeInIndex = 0; path = "uikit-exampleUITests.xctest"; sourceTree = BUILT_PRODUCTS_DIR; };
		B63BD1E229179775005D62F0 /* uikit_exampleUITests.m */ = {isa = PBXFileReference; lastKnownFileType = sourcecode.c.objc; path = uikit_exampleUITests.m; sourceTree = "<group>"; };
		B63BD1E429179775005D62F0 /* uikit_exampleUITestsLaunchTests.m */ = {isa = PBXFileReference; lastKnownFileType = sourcecode.c.objc; path = uikit_exampleUITestsLaunchTests.m; sourceTree = "<group>"; };
		B63BD1F329179E85005D62F0 /* uikit-picture-browser-example.app */ = {isa = PBXFileReference; explicitFileType = wrapper.application; includeInIndex = 0; path = "uikit-picture-browser-example.app"; sourceTree = BUILT_PRODUCTS_DIR; };
		B63BD1F529179E85005D62F0 /* AppDelegate.h */ = {isa = PBXFileReference; lastKnownFileType = sourcecode.c.h; path = AppDelegate.h; sourceTree = "<group>"; };
		B63BD1F629179E85005D62F0 /* AppDelegate.m */ = {isa = PBXFileReference; lastKnownFileType = sourcecode.c.objc; path = AppDelegate.m; sourceTree = "<group>"; };
		B63BD1F829179E85005D62F0 /* SceneDelegate.h */ = {isa = PBXFileReference; lastKnownFileType = sourcecode.c.h; path = SceneDelegate.h; sourceTree = "<group>"; };
		B63BD1F929179E85005D62F0 /* SceneDelegate.m */ = {isa = PBXFileReference; lastKnownFileType = sourcecode.c.objc; path = SceneDelegate.m; sourceTree = "<group>"; };
		B63BD1FB29179E85005D62F0 /* ViewController.h */ = {isa = PBXFileReference; lastKnownFileType = sourcecode.c.h; path = ViewController.h; sourceTree = "<group>"; };
		B63BD1FC29179E85005D62F0 /* ViewController.m */ = {isa = PBXFileReference; lastKnownFileType = sourcecode.c.objc; path = ViewController.m; sourceTree = "<group>"; };
		B63BD1FF29179E85005D62F0 /* Base */ = {isa = PBXFileReference; lastKnownFileType = file.storyboard; name = Base; path = Base.lproj/Main.storyboard; sourceTree = "<group>"; };
		B63BD20129179E87005D62F0 /* Assets.xcassets */ = {isa = PBXFileReference; lastKnownFileType = folder.assetcatalog; path = Assets.xcassets; sourceTree = "<group>"; };
		B63BD20429179E87005D62F0 /* Base */ = {isa = PBXFileReference; lastKnownFileType = file.storyboard; name = Base; path = Base.lproj/LaunchScreen.storyboard; sourceTree = "<group>"; };
		B63BD20629179E87005D62F0 /* Info.plist */ = {isa = PBXFileReference; lastKnownFileType = text.plist.xml; path = Info.plist; sourceTree = "<group>"; };
		B63BD20729179E87005D62F0 /* main.m */ = {isa = PBXFileReference; lastKnownFileType = sourcecode.c.objc; path = main.m; sourceTree = "<group>"; };
		B63BD2122917AAED005D62F0 /* pictures.plist */ = {isa = PBXFileReference; lastKnownFileType = text.plist.xml; path = pictures.plist; sourceTree = "<group>"; };
		B65C52C9290C2011008F5368 /* learn-ios-develop */ = {isa = PBXFileReference; explicitFileType = "compiled.mach-o.executable"; includeInIndex = 0; path = "learn-ios-develop"; sourceTree = BUILT_PRODUCTS_DIR; };
		B65C52CC290C2011008F5368 /* main.m */ = {isa = PBXFileReference; lastKnownFileType = sourcecode.c.objc; path = main.m; sourceTree = "<group>"; };
		B65C52D7290C2273008F5368 /* oc-class-example */ = {isa = PBXFileReference; explicitFileType = "compiled.mach-o.executable"; includeInIndex = 0; path = "oc-class-example"; sourceTree = BUILT_PRODUCTS_DIR; };
		B65C52D9290C2273008F5368 /* main.m */ = {isa = PBXFileReference; lastKnownFileType = sourcecode.c.objc; path = main.m; sourceTree = "<group>"; };
		B65C52DE290C22A2008F5368 /* Student.h */ = {isa = PBXFileReference; lastKnownFileType = sourcecode.c.h; path = Student.h; sourceTree = "<group>"; };
		B65C52DF290C22A2008F5368 /* Student.m */ = {isa = PBXFileReference; lastKnownFileType = sourcecode.c.objc; path = Student.m; sourceTree = "<group>"; };
		B6BE205A291A9F86003E2CD8 /* uikit-app-store-example.app */ = {isa = PBXFileReference; explicitFileType = wrapper.application; includeInIndex = 0; path = "uikit-app-store-example.app"; sourceTree = BUILT_PRODUCTS_DIR; };
		B6BE205C291A9F86003E2CD8 /* AppDelegate.h */ = {isa = PBXFileReference; lastKnownFileType = sourcecode.c.h; path = AppDelegate.h; sourceTree = "<group>"; };
		B6BE205D291A9F86003E2CD8 /* AppDelegate.m */ = {isa = PBXFileReference; lastKnownFileType = sourcecode.c.objc; path = AppDelegate.m; sourceTree = "<group>"; };
		B6BE205F291A9F86003E2CD8 /* SceneDelegate.h */ = {isa = PBXFileReference; lastKnownFileType = sourcecode.c.h; path = SceneDelegate.h; sourceTree = "<group>"; };
		B6BE2060291A9F86003E2CD8 /* SceneDelegate.m */ = {isa = PBXFileReference; lastKnownFileType = sourcecode.c.objc; path = SceneDelegate.m; sourceTree = "<group>"; };
		B6BE2062291A9F86003E2CD8 /* ViewController.h */ = {isa = PBXFileReference; lastKnownFileType = sourcecode.c.h; path = ViewController.h; sourceTree = "<group>"; };
		B6BE2063291A9F86003E2CD8 /* ViewController.m */ = {isa = PBXFileReference; lastKnownFileType = sourcecode.c.objc; path = ViewController.m; sourceTree = "<group>"; };
		B6BE2066291A9F86003E2CD8 /* Base */ = {isa = PBXFileReference; lastKnownFileType = file.storyboard; name = Base; path = Base.lproj/Main.storyboard; sourceTree = "<group>"; };
		B6BE2068291A9F88003E2CD8 /* Assets.xcassets */ = {isa = PBXFileReference; lastKnownFileType = folder.assetcatalog; path = Assets.xcassets; sourceTree = "<group>"; };
		B6BE206B291A9F88003E2CD8 /* Base */ = {isa = PBXFileReference; lastKnownFileType = file.storyboard; name = Base; path = Base.lproj/LaunchScreen.storyboard; sourceTree = "<group>"; };
		B6BE206D291A9F88003E2CD8 /* Info.plist */ = {isa = PBXFileReference; lastKnownFileType = text.plist.xml; path = Info.plist; sourceTree = "<group>"; };
		B6BE206E291A9F88003E2CD8 /* main.m */ = {isa = PBXFileReference; lastKnownFileType = sourcecode.c.objc; path = main.m; sourceTree = "<group>"; };
		B6BE2075291AA024003E2CD8 /* AppStoreCell.xib */ = {isa = PBXFileReference; lastKnownFileType = file.xib; path = AppStoreCell.xib; sourceTree = "<group>"; };
		B6BE2077291AA06C003E2CD8 /* AppStoreCell.h */ = {isa = PBXFileReference; lastKnownFileType = sourcecode.c.h; path = AppStoreCell.h; sourceTree = "<group>"; };
		B6BE2078291AA06C003E2CD8 /* AppStoreCell.m */ = {isa = PBXFileReference; lastKnownFileType = sourcecode.c.objc; path = AppStoreCell.m; sourceTree = "<group>"; };
		B6BE207A291AA34F003E2CD8 /* AppStoreModel.h */ = {isa = PBXFileReference; lastKnownFileType = sourcecode.c.h; path = AppStoreModel.h; sourceTree = "<group>"; };
		B6BE207B291AA34F003E2CD8 /* AppStoreModel.m */ = {isa = PBXFileReference; lastKnownFileType = sourcecode.c.objc; path = AppStoreModel.m; sourceTree = "<group>"; };
		B6BE207D291AA414003E2CD8 /* appstore.plist */ = {isa = PBXFileReference; lastKnownFileType = text.plist.xml; path = appstore.plist; sourceTree = "<group>"; };
/* End PBXFileReference section */

/* Begin PBXFrameworksBuildPhase section */
		B63BD1A9290E8579005D62F0 /* Frameworks */ = {
			isa = PBXFrameworksBuildPhase;
			buildActionMask = 2147483647;
			files = (
			);
			runOnlyForDeploymentPostprocessing = 0;
		};
		B63BD1B72917976F005D62F0 /* Frameworks */ = {
			isa = PBXFrameworksBuildPhase;
			buildActionMask = 2147483647;
			files = (
			);
			runOnlyForDeploymentPostprocessing = 0;
		};
		B63BD1D129179775005D62F0 /* Frameworks */ = {
			isa = PBXFrameworksBuildPhase;
			buildActionMask = 2147483647;
			files = (
			);
			runOnlyForDeploymentPostprocessing = 0;
		};
		B63BD1DB29179775005D62F0 /* Frameworks */ = {
			isa = PBXFrameworksBuildPhase;
			buildActionMask = 2147483647;
			files = (
			);
			runOnlyForDeploymentPostprocessing = 0;
		};
		B63BD1F029179E85005D62F0 /* Frameworks */ = {
			isa = PBXFrameworksBuildPhase;
			buildActionMask = 2147483647;
			files = (
			);
			runOnlyForDeploymentPostprocessing = 0;
		};
		B65C52C6290C2011008F5368 /* Frameworks */ = {
			isa = PBXFrameworksBuildPhase;
			buildActionMask = 2147483647;
			files = (
			);
			runOnlyForDeploymentPostprocessing = 0;
		};
		B65C52D4290C2273008F5368 /* Frameworks */ = {
			isa = PBXFrameworksBuildPhase;
			buildActionMask = 2147483647;
			files = (
			);
			runOnlyForDeploymentPostprocessing = 0;
		};
		B6BE2057291A9F86003E2CD8 /* Frameworks */ = {
			isa = PBXFrameworksBuildPhase;
			buildActionMask = 2147483647;
			files = (
			);
			runOnlyForDeploymentPostprocessing = 0;
		};
/* End PBXFrameworksBuildPhase section */

/* Begin PBXGroup section */
		B63BD1AD290E8579005D62F0 /* oc-class-property-example */ = {
			isa = PBXGroup;
			children = (
				B63BD1AE290E8579005D62F0 /* main.m */,
				B63BD1B3290E8F43005D62F0 /* Student.h */,
				B63BD1B4290E8F43005D62F0 /* Student.m */,
			);
			path = "oc-class-property-example";
			sourceTree = "<group>";
		};
		B63BD1BB2917976F005D62F0 /* uikit-example */ = {
			isa = PBXGroup;
			children = (
				B63BD1BC2917976F005D62F0 /* AppDelegate.h */,
				B63BD1BD2917976F005D62F0 /* AppDelegate.m */,
				B63BD1BF2917976F005D62F0 /* SceneDelegate.h */,
				B63BD1C02917976F005D62F0 /* SceneDelegate.m */,
				B63BD1C22917976F005D62F0 /* ViewController.h */,
				B63BD1C32917976F005D62F0 /* ViewController.m */,
				B63BD1C52917976F005D62F0 /* Main.storyboard */,
				B63BD1C829179775005D62F0 /* Assets.xcassets */,
				B63BD1CA29179775005D62F0 /* LaunchScreen.storyboard */,
				B63BD1CD29179775005D62F0 /* Info.plist */,
				B63BD1CE29179775005D62F0 /* main.m */,
			);
			path = "uikit-example";
			sourceTree = "<group>";
		};
		B63BD1D729179775005D62F0 /* uikit-exampleTests */ = {
			isa = PBXGroup;
			children = (
				B63BD1D829179775005D62F0 /* uikit_exampleTests.m */,
			);
			path = "uikit-exampleTests";
			sourceTree = "<group>";
		};
		B63BD1E129179775005D62F0 /* uikit-exampleUITests */ = {
			isa = PBXGroup;
			children = (
				B63BD1E229179775005D62F0 /* uikit_exampleUITests.m */,
				B63BD1E429179775005D62F0 /* uikit_exampleUITestsLaunchTests.m */,
			);
			path = "uikit-exampleUITests";
			sourceTree = "<group>";
		};
		B63BD1F429179E85005D62F0 /* uikit-picture-browser-example */ = {
			isa = PBXGroup;
			children = (
				B63BD1F529179E85005D62F0 /* AppDelegate.h */,
				B63BD1F629179E85005D62F0 /* AppDelegate.m */,
				B63BD1F829179E85005D62F0 /* SceneDelegate.h */,
				B63BD1F929179E85005D62F0 /* SceneDelegate.m */,
				B63BD1FB29179E85005D62F0 /* ViewController.h */,
				B63BD1FC29179E85005D62F0 /* ViewController.m */,
				B63BD1FE29179E85005D62F0 /* Main.storyboard */,
				B63BD20129179E87005D62F0 /* Assets.xcassets */,
				B63BD20329179E87005D62F0 /* LaunchScreen.storyboard */,
				B63BD20629179E87005D62F0 /* Info.plist */,
				B63BD20729179E87005D62F0 /* main.m */,
				B63BD2122917AAED005D62F0 /* pictures.plist */,
			);
			path = "uikit-picture-browser-example";
			sourceTree = "<group>";
		};
		B65C52C0290C2011008F5368 = {
			isa = PBXGroup;
			children = (
				B65C52CB290C2011008F5368 /* learn-ios-develop */,
				B65C52D8290C2273008F5368 /* oc-class-example */,
				B63BD1AD290E8579005D62F0 /* oc-class-property-example */,
				B63BD1BB2917976F005D62F0 /* uikit-example */,
				B63BD1D729179775005D62F0 /* uikit-exampleTests */,
				B63BD1E129179775005D62F0 /* uikit-exampleUITests */,
				B63BD1F429179E85005D62F0 /* uikit-picture-browser-example */,
				B6BE205B291A9F86003E2CD8 /* uikit-app-store-example */,
				B65C52CA290C2011008F5368 /* Products */,
			);
			sourceTree = "<group>";
		};
		B65C52CA290C2011008F5368 /* Products */ = {
			isa = PBXGroup;
			children = (
				B65C52C9290C2011008F5368 /* learn-ios-develop */,
				B65C52D7290C2273008F5368 /* oc-class-example */,
				B63BD1AC290E8579005D62F0 /* oc-class-property-example */,
				B63BD1BA2917976F005D62F0 /* uikit-example.app */,
				B63BD1D429179775005D62F0 /* uikit-exampleTests.xctest */,
				B63BD1DE29179775005D62F0 /* uikit-exampleUITests.xctest */,
				B63BD1F329179E85005D62F0 /* uikit-picture-browser-example.app */,
				B6BE205A291A9F86003E2CD8 /* uikit-app-store-example.app */,
			);
			name = Products;
			sourceTree = "<group>";
		};
		B65C52CB290C2011008F5368 /* learn-ios-develop */ = {
			isa = PBXGroup;
			children = (
				B65C52CC290C2011008F5368 /* main.m */,
			);
			path = "learn-ios-develop";
			sourceTree = "<group>";
		};
		B65C52D8290C2273008F5368 /* oc-class-example */ = {
			isa = PBXGroup;
			children = (
				B65C52D9290C2273008F5368 /* main.m */,
				B65C52DE290C22A2008F5368 /* Student.h */,
				B65C52DF290C22A2008F5368 /* Student.m */,
			);
			path = "oc-class-example";
			sourceTree = "<group>";
		};
		B69D6BB8291BE37B004337A7 /* models */ = {
			isa = PBXGroup;
			children = (
				B6BE207A291AA34F003E2CD8 /* AppStoreModel.h */,
				B6BE207B291AA34F003E2CD8 /* AppStoreModel.m */,
			);
			name = models;
			sourceTree = "<group>";
		};
		B69D6BB9291BE3A0004337A7 /* views */ = {
			isa = PBXGroup;
			children = (
				B6BE2075291AA024003E2CD8 /* AppStoreCell.xib */,
				B6BE2077291AA06C003E2CD8 /* AppStoreCell.h */,
				B6BE2078291AA06C003E2CD8 /* AppStoreCell.m */,
				B6BE2065291A9F86003E2CD8 /* Main.storyboard */,
				B6BE206A291A9F88003E2CD8 /* LaunchScreen.storyboard */,
			);
			name = views;
			sourceTree = "<group>";
		};
		B69D6BBA291BE3B4004337A7 /* controllers */ = {
			isa = PBXGroup;
			children = (
				B6BE2062291A9F86003E2CD8 /* ViewController.h */,
				B6BE2063291A9F86003E2CD8 /* ViewController.m */,
			);
			name = controllers;
			sourceTree = "<group>";
		};
		B69D6BBD291BE3EF004337A7 /* others */ = {
			isa = PBXGroup;
			children = (
				B6BE205C291A9F86003E2CD8 /* AppDelegate.h */,
				B6BE205D291A9F86003E2CD8 /* AppDelegate.m */,
				B6BE205F291A9F86003E2CD8 /* SceneDelegate.h */,
				B6BE2060291A9F86003E2CD8 /* SceneDelegate.m */,
			);
			name = others;
			sourceTree = "<group>";
		};
		B69D6BBE291BE3FC004337A7 /* resources */ = {
			isa = PBXGroup;
			children = (
				B6BE2068291A9F88003E2CD8 /* Assets.xcassets */,
				B6BE206D291A9F88003E2CD8 /* Info.plist */,
				B6BE207D291AA414003E2CD8 /* appstore.plist */,
			);
			name = resources;
			sourceTree = "<group>";
		};
		B6BE205B291A9F86003E2CD8 /* uikit-app-store-example */ = {
			isa = PBXGroup;
			children = (
				B69D6BB8291BE37B004337A7 /* models */,
				B69D6BB9291BE3A0004337A7 /* views */,
				B69D6BBA291BE3B4004337A7 /* controllers */,
				B69D6BBD291BE3EF004337A7 /* others */,
				B69D6BBE291BE3FC004337A7 /* resources */,
				B6BE206E291A9F88003E2CD8 /* main.m */,
			);
			path = "uikit-app-store-example";
			sourceTree = "<group>";
		};
/* End PBXGroup section */

/* Begin PBXNativeTarget section */
		B63BD1AB290E8579005D62F0 /* oc-class-property-example */ = {
			isa = PBXNativeTarget;
			buildConfigurationList = B63BD1B2290E8579005D62F0 /* Build configuration list for PBXNativeTarget "oc-class-property-example" */;
			buildPhases = (
				B63BD1A8290E8579005D62F0 /* Sources */,
				B63BD1A9290E8579005D62F0 /* Frameworks */,
				B63BD1AA290E8579005D62F0 /* CopyFiles */,
			);
			buildRules = (
			);
			dependencies = (
			);
			name = "oc-class-property-example";
			productName = "oc-class-property-example";
			productReference = B63BD1AC290E8579005D62F0 /* oc-class-property-example */;
			productType = "com.apple.product-type.tool";
		};
		B63BD1B92917976F005D62F0 /* uikit-example */ = {
			isa = PBXNativeTarget;
			buildConfigurationList = B63BD1EC29179775005D62F0 /* Build configuration list for PBXNativeTarget "uikit-example" */;
			buildPhases = (
				B63BD1B62917976F005D62F0 /* Sources */,
				B63BD1B72917976F005D62F0 /* Frameworks */,
				B63BD1B82917976F005D62F0 /* Resources */,
			);
			buildRules = (
			);
			dependencies = (
			);
			name = "uikit-example";
			productName = "uikit-example";
			productReference = B63BD1BA2917976F005D62F0 /* uikit-example.app */;
			productType = "com.apple.product-type.application";
		};
		B63BD1D329179775005D62F0 /* uikit-exampleTests */ = {
			isa = PBXNativeTarget;
			buildConfigurationList = B63BD1ED29179775005D62F0 /* Build configuration list for PBXNativeTarget "uikit-exampleTests" */;
			buildPhases = (
				B63BD1D029179775005D62F0 /* Sources */,
				B63BD1D129179775005D62F0 /* Frameworks */,
				B63BD1D229179775005D62F0 /* Resources */,
			);
			buildRules = (
			);
			dependencies = (
				B63BD1D629179775005D62F0 /* PBXTargetDependency */,
			);
			name = "uikit-exampleTests";
			productName = "uikit-exampleTests";
			productReference = B63BD1D429179775005D62F0 /* uikit-exampleTests.xctest */;
			productType = "com.apple.product-type.bundle.unit-test";
		};
		B63BD1DD29179775005D62F0 /* uikit-exampleUITests */ = {
			isa = PBXNativeTarget;
			buildConfigurationList = B63BD1EE29179775005D62F0 /* Build configuration list for PBXNativeTarget "uikit-exampleUITests" */;
			buildPhases = (
				B63BD1DA29179775005D62F0 /* Sources */,
				B63BD1DB29179775005D62F0 /* Frameworks */,
				B63BD1DC29179775005D62F0 /* Resources */,
			);
			buildRules = (
			);
			dependencies = (
				B63BD1E029179775005D62F0 /* PBXTargetDependency */,
			);
			name = "uikit-exampleUITests";
			productName = "uikit-exampleUITests";
			productReference = B63BD1DE29179775005D62F0 /* uikit-exampleUITests.xctest */;
			productType = "com.apple.product-type.bundle.ui-testing";
		};
		B63BD1F229179E85005D62F0 /* uikit-picture-browser-example */ = {
			isa = PBXNativeTarget;
			buildConfigurationList = B63BD20929179E87005D62F0 /* Build configuration list for PBXNativeTarget "uikit-picture-browser-example" */;
			buildPhases = (
				B63BD1EF29179E85005D62F0 /* Sources */,
				B63BD1F029179E85005D62F0 /* Frameworks */,
				B63BD1F129179E85005D62F0 /* Resources */,
			);
			buildRules = (
			);
			dependencies = (
			);
			name = "uikit-picture-browser-example";
			productName = "uikit-picture-browser-example";
			productReference = B63BD1F329179E85005D62F0 /* uikit-picture-browser-example.app */;
			productType = "com.apple.product-type.application";
		};
		B65C52C8290C2011008F5368 /* learn-ios-develop */ = {
			isa = PBXNativeTarget;
			buildConfigurationList = B65C52D0290C2011008F5368 /* Build configuration list for PBXNativeTarget "learn-ios-develop" */;
			buildPhases = (
				B65C52C5290C2011008F5368 /* Sources */,
				B65C52C6290C2011008F5368 /* Frameworks */,
				B65C52C7290C2011008F5368 /* CopyFiles */,
			);
			buildRules = (
			);
			dependencies = (
			);
			name = "learn-ios-develop";
			productName = "learn-ios-develop";
			productReference = B65C52C9290C2011008F5368 /* learn-ios-develop */;
			productType = "com.apple.product-type.tool";
		};
		B65C52D6290C2273008F5368 /* oc-class-example */ = {
			isa = PBXNativeTarget;
			buildConfigurationList = B65C52DD290C2273008F5368 /* Build configuration list for PBXNativeTarget "oc-class-example" */;
			buildPhases = (
				B65C52D3290C2273008F5368 /* Sources */,
				B65C52D4290C2273008F5368 /* Frameworks */,
				B65C52D5290C2273008F5368 /* CopyFiles */,
			);
			buildRules = (
			);
			dependencies = (
			);
			name = "oc-class-example";
			productName = "oc-class-example";
			productReference = B65C52D7290C2273008F5368 /* oc-class-example */;
			productType = "com.apple.product-type.tool";
		};
		B6BE2059291A9F86003E2CD8 /* uikit-app-store-example */ = {
			isa = PBXNativeTarget;
			buildConfigurationList = B6BE2072291A9F88003E2CD8 /* Build configuration list for PBXNativeTarget "uikit-app-store-example" */;
			buildPhases = (
				B6BE2056291A9F86003E2CD8 /* Sources */,
				B6BE2057291A9F86003E2CD8 /* Frameworks */,
				B6BE2058291A9F86003E2CD8 /* Resources */,
			);
			buildRules = (
			);
			dependencies = (
			);
			name = "uikit-app-store-example";
			productName = "uikit-app-store-example";
			productReference = B6BE205A291A9F86003E2CD8 /* uikit-app-store-example.app */;
			productType = "com.apple.product-type.application";
		};
/* End PBXNativeTarget section */

/* Begin PBXProject section */
		B65C52C1290C2011008F5368 /* Project object */ = {
			isa = PBXProject;
			attributes = {
				BuildIndependentTargetsInParallel = 1;
				LastUpgradeCheck = 1340;
				TargetAttributes = {
					B63BD1AB290E8579005D62F0 = {
						CreatedOnToolsVersion = 13.4.1;
					};
					B63BD1B92917976F005D62F0 = {
						CreatedOnToolsVersion = 13.4.1;
					};
					B63BD1D329179775005D62F0 = {
						CreatedOnToolsVersion = 13.4.1;
						TestTargetID = B63BD1B92917976F005D62F0;
					};
					B63BD1DD29179775005D62F0 = {
						CreatedOnToolsVersion = 13.4.1;
						TestTargetID = B63BD1B92917976F005D62F0;
					};
					B63BD1F229179E85005D62F0 = {
						CreatedOnToolsVersion = 13.4.1;
					};
					B65C52C8290C2011008F5368 = {
						CreatedOnToolsVersion = 13.4.1;
					};
					B65C52D6290C2273008F5368 = {
						CreatedOnToolsVersion = 13.4.1;
					};
					B6BE2059291A9F86003E2CD8 = {
						CreatedOnToolsVersion = 13.4.1;
					};
				};
			};
			buildConfigurationList = B65C52C4290C2011008F5368 /* Build configuration list for PBXProject "learn-ios-develop" */;
			compatibilityVersion = "Xcode 13.0";
			developmentRegion = en;
			hasScannedForEncodings = 0;
			knownRegions = (
				en,
				Base,
			);
			mainGroup = B65C52C0290C2011008F5368;
			productRefGroup = B65C52CA290C2011008F5368 /* Products */;
			projectDirPath = "";
			projectRoot = "";
			targets = (
				B65C52C8290C2011008F5368 /* learn-ios-develop */,
				B65C52D6290C2273008F5368 /* oc-class-example */,
				B63BD1AB290E8579005D62F0 /* oc-class-property-example */,
				B63BD1B92917976F005D62F0 /* uikit-example */,
				B63BD1D329179775005D62F0 /* uikit-exampleTests */,
				B63BD1DD29179775005D62F0 /* uikit-exampleUITests */,
				B63BD1F229179E85005D62F0 /* uikit-picture-browser-example */,
				B6BE2059291A9F86003E2CD8 /* uikit-app-store-example */,
			);
		};
/* End PBXProject section */

/* Begin PBXResourcesBuildPhase section */
		B63BD1B82917976F005D62F0 /* Resources */ = {
			isa = PBXResourcesBuildPhase;
			buildActionMask = 2147483647;
			files = (
				B63BD1CC29179775005D62F0 /* LaunchScreen.storyboard in Resources */,
				B63BD1C929179775005D62F0 /* Assets.xcassets in Resources */,
				B63BD1C72917976F005D62F0 /* Main.storyboard in Resources */,
			);
			runOnlyForDeploymentPostprocessing = 0;
		};
		B63BD1D229179775005D62F0 /* Resources */ = {
			isa = PBXResourcesBuildPhase;
			buildActionMask = 2147483647;
			files = (
			);
			runOnlyForDeploymentPostprocessing = 0;
		};
		B63BD1DC29179775005D62F0 /* Resources */ = {
			isa = PBXResourcesBuildPhase;
			buildActionMask = 2147483647;
			files = (
			);
			runOnlyForDeploymentPostprocessing = 0;
		};
		B63BD1F129179E85005D62F0 /* Resources */ = {
			isa = PBXResourcesBuildPhase;
			buildActionMask = 2147483647;
			files = (
				B63BD20529179E87005D62F0 /* LaunchScreen.storyboard in Resources */,
				B63BD20229179E87005D62F0 /* Assets.xcassets in Resources */,
				B63BD20029179E85005D62F0 /* Main.storyboard in Resources */,
				B63BD2132917AAED005D62F0 /* pictures.plist in Resources */,
			);
			runOnlyForDeploymentPostprocessing = 0;
		};
		B6BE2058291A9F86003E2CD8 /* Resources */ = {
			isa = PBXResourcesBuildPhase;
			buildActionMask = 2147483647;
			files = (
				B6BE206C291A9F88003E2CD8 /* LaunchScreen.storyboard in Resources */,
				B6BE2069291A9F88003E2CD8 /* Assets.xcassets in Resources */,
				B6BE2067291A9F86003E2CD8 /* Main.storyboard in Resources */,
				B6BE207E291AA414003E2CD8 /* appstore.plist in Resources */,
				B6BE2076291AA024003E2CD8 /* AppStoreCell.xib in Resources */,
			);
			runOnlyForDeploymentPostprocessing = 0;
		};
/* End PBXResourcesBuildPhase section */

/* Begin PBXSourcesBuildPhase section */
		B63BD1A8290E8579005D62F0 /* Sources */ = {
			isa = PBXSourcesBuildPhase;
			buildActionMask = 2147483647;
			files = (
				B63BD1AF290E8579005D62F0 /* main.m in Sources */,
				B63BD1B5290E8F43005D62F0 /* Student.m in Sources */,
			);
			runOnlyForDeploymentPostprocessing = 0;
		};
		B63BD1B62917976F005D62F0 /* Sources */ = {
			isa = PBXSourcesBuildPhase;
			buildActionMask = 2147483647;
			files = (
				B63BD1C42917976F005D62F0 /* ViewController.m in Sources */,
				B63BD1BE2917976F005D62F0 /* AppDelegate.m in Sources */,
				B63BD1CF29179775005D62F0 /* main.m in Sources */,
				B63BD1C12917976F005D62F0 /* SceneDelegate.m in Sources */,
			);
			runOnlyForDeploymentPostprocessing = 0;
		};
		B63BD1D029179775005D62F0 /* Sources */ = {
			isa = PBXSourcesBuildPhase;
			buildActionMask = 2147483647;
			files = (
				B63BD1D929179775005D62F0 /* uikit_exampleTests.m in Sources */,
			);
			runOnlyForDeploymentPostprocessing = 0;
		};
		B63BD1DA29179775005D62F0 /* Sources */ = {
			isa = PBXSourcesBuildPhase;
			buildActionMask = 2147483647;
			files = (
				B63BD1E529179775005D62F0 /* uikit_exampleUITestsLaunchTests.m in Sources */,
				B63BD1E329179775005D62F0 /* uikit_exampleUITests.m in Sources */,
			);
			runOnlyForDeploymentPostprocessing = 0;
		};
		B63BD1EF29179E85005D62F0 /* Sources */ = {
			isa = PBXSourcesBuildPhase;
			buildActionMask = 2147483647;
			files = (
				B63BD1FD29179E85005D62F0 /* ViewController.m in Sources */,
				B63BD1F729179E85005D62F0 /* AppDelegate.m in Sources */,
				B63BD20829179E87005D62F0 /* main.m in Sources */,
				B63BD1FA29179E85005D62F0 /* SceneDelegate.m in Sources */,
			);
			runOnlyForDeploymentPostprocessing = 0;
		};
		B65C52C5290C2011008F5368 /* Sources */ = {
			isa = PBXSourcesBuildPhase;
			buildActionMask = 2147483647;
			files = (
				B65C52CD290C2011008F5368 /* main.m in Sources */,
			);
			runOnlyForDeploymentPostprocessing = 0;
		};
		B65C52D3290C2273008F5368 /* Sources */ = {
			isa = PBXSourcesBuildPhase;
			buildActionMask = 2147483647;
			files = (
				B65C52DA290C2273008F5368 /* main.m in Sources */,
				B65C52E0290C22A2008F5368 /* Student.m in Sources */,
			);
			runOnlyForDeploymentPostprocessing = 0;
		};
		B6BE2056291A9F86003E2CD8 /* Sources */ = {
			isa = PBXSourcesBuildPhase;
			buildActionMask = 2147483647;
			files = (
				B6BE2064291A9F86003E2CD8 /* ViewController.m in Sources */,
				B6BE2079291AA06C003E2CD8 /* AppStoreCell.m in Sources */,
				B6BE205E291A9F86003E2CD8 /* AppDelegate.m in Sources */,
				B6BE207C291AA34F003E2CD8 /* AppStoreModel.m in Sources */,
				B6BE206F291A9F88003E2CD8 /* main.m in Sources */,
				B6BE2061291A9F86003E2CD8 /* SceneDelegate.m in Sources */,
			);
			runOnlyForDeploymentPostprocessing = 0;
		};
/* End PBXSourcesBuildPhase section */

/* Begin PBXTargetDependency section */
		B63BD1D629179775005D62F0 /* PBXTargetDependency */ = {
			isa = PBXTargetDependency;
			target = B63BD1B92917976F005D62F0 /* uikit-example */;
			targetProxy = B63BD1D529179775005D62F0 /* PBXContainerItemProxy */;
		};
		B63BD1E029179775005D62F0 /* PBXTargetDependency */ = {
			isa = PBXTargetDependency;
			target = B63BD1B92917976F005D62F0 /* uikit-example */;
			targetProxy = B63BD1DF29179775005D62F0 /* PBXContainerItemProxy */;
		};
/* End PBXTargetDependency section */

/* Begin PBXVariantGroup section */
		B63BD1C52917976F005D62F0 /* Main.storyboard */ = {
			isa = PBXVariantGroup;
			children = (
				B63BD1C62917976F005D62F0 /* Base */,
			);
			name = Main.storyboard;
			sourceTree = "<group>";
		};
		B63BD1CA29179775005D62F0 /* LaunchScreen.storyboard */ = {
			isa = PBXVariantGroup;
			children = (
				B63BD1CB29179775005D62F0 /* Base */,
			);
			name = LaunchScreen.storyboard;
			sourceTree = "<group>";
		};
		B63BD1FE29179E85005D62F0 /* Main.storyboard */ = {
			isa = PBXVariantGroup;
			children = (
				B63BD1FF29179E85005D62F0 /* Base */,
			);
			name = Main.storyboard;
			sourceTree = "<group>";
		};
		B63BD20329179E87005D62F0 /* LaunchScreen.storyboard */ = {
			isa = PBXVariantGroup;
			children = (
				B63BD20429179E87005D62F0 /* Base */,
			);
			name = LaunchScreen.storyboard;
			sourceTree = "<group>";
		};
		B6BE2065291A9F86003E2CD8 /* Main.storyboard */ = {
			isa = PBXVariantGroup;
			children = (
				B6BE2066291A9F86003E2CD8 /* Base */,
			);
			name = Main.storyboard;
			sourceTree = "<group>";
		};
		B6BE206A291A9F88003E2CD8 /* LaunchScreen.storyboard */ = {
			isa = PBXVariantGroup;
			children = (
				B6BE206B291A9F88003E2CD8 /* Base */,
			);
			name = LaunchScreen.storyboard;
			sourceTree = "<group>";
		};
/* End PBXVariantGroup section */

/* Begin XCBuildConfiguration section */
		B63BD1B0290E8579005D62F0 /* Debug */ = {
			isa = XCBuildConfiguration;
			buildSettings = {
				CODE_SIGN_STYLE = Automatic;
				DEVELOPMENT_TEAM = S74ZA39WT5;
				ENABLE_HARDENED_RUNTIME = YES;
				PRODUCT_NAME = "$(TARGET_NAME)";
			};
			name = Debug;
		};
		B63BD1B1290E8579005D62F0 /* Release */ = {
			isa = XCBuildConfiguration;
			buildSettings = {
				CODE_SIGN_STYLE = Automatic;
				DEVELOPMENT_TEAM = S74ZA39WT5;
				ENABLE_HARDENED_RUNTIME = YES;
				PRODUCT_NAME = "$(TARGET_NAME)";
			};
			name = Release;
		};
		B63BD1E629179775005D62F0 /* Debug */ = {
			isa = XCBuildConfiguration;
			buildSettings = {
				ASSETCATALOG_COMPILER_APPICON_NAME = AppIcon;
				ASSETCATALOG_COMPILER_GLOBAL_ACCENT_COLOR_NAME = AccentColor;
				CODE_SIGN_STYLE = Automatic;
				CURRENT_PROJECT_VERSION = 1;
				DEVELOPMENT_TEAM = S74ZA39WT5;
				GENERATE_INFOPLIST_FILE = YES;
				INFOPLIST_FILE = "uikit-example/Info.plist";
				INFOPLIST_KEY_UIApplicationSupportsIndirectInputEvents = YES;
				INFOPLIST_KEY_UILaunchStoryboardName = LaunchScreen;
				INFOPLIST_KEY_UIMainStoryboardFile = Main;
				INFOPLIST_KEY_UISupportedInterfaceOrientations_iPad = "UIInterfaceOrientationPortrait UIInterfaceOrientationPortraitUpsideDown UIInterfaceOrientationLandscapeLeft UIInterfaceOrientationLandscapeRight";
				INFOPLIST_KEY_UISupportedInterfaceOrientations_iPhone = "UIInterfaceOrientationPortrait UIInterfaceOrientationLandscapeLeft UIInterfaceOrientationLandscapeRight";
				IPHONEOS_DEPLOYMENT_TARGET = 15.5;
				LD_RUNPATH_SEARCH_PATHS = (
					"$(inherited)",
					"@executable_path/Frameworks",
				);
				MARKETING_VERSION = 1.0;
				PRODUCT_BUNDLE_IDENTIFIER = "cn.org.aivstudio.uikit-example";
				PRODUCT_NAME = "$(TARGET_NAME)";
				SDKROOT = iphoneos;
				SWIFT_EMIT_LOC_STRINGS = YES;
				TARGETED_DEVICE_FAMILY = "1,2";
			};
			name = Debug;
		};
		B63BD1E729179775005D62F0 /* Release */ = {
			isa = XCBuildConfiguration;
			buildSettings = {
				ASSETCATALOG_COMPILER_APPICON_NAME = AppIcon;
				ASSETCATALOG_COMPILER_GLOBAL_ACCENT_COLOR_NAME = AccentColor;
				CODE_SIGN_STYLE = Automatic;
				CURRENT_PROJECT_VERSION = 1;
				DEVELOPMENT_TEAM = S74ZA39WT5;
				GENERATE_INFOPLIST_FILE = YES;
				INFOPLIST_FILE = "uikit-example/Info.plist";
				INFOPLIST_KEY_UIApplicationSupportsIndirectInputEvents = YES;
				INFOPLIST_KEY_UILaunchStoryboardName = LaunchScreen;
				INFOPLIST_KEY_UIMainStoryboardFile = Main;
				INFOPLIST_KEY_UISupportedInterfaceOrientations_iPad = "UIInterfaceOrientationPortrait UIInterfaceOrientationPortraitUpsideDown UIInterfaceOrientationLandscapeLeft UIInterfaceOrientationLandscapeRight";
				INFOPLIST_KEY_UISupportedInterfaceOrientations_iPhone = "UIInterfaceOrientationPortrait UIInterfaceOrientationLandscapeLeft UIInterfaceOrientationLandscapeRight";
				IPHONEOS_DEPLOYMENT_TARGET = 15.5;
				LD_RUNPATH_SEARCH_PATHS = (
					"$(inherited)",
					"@executable_path/Frameworks",
				);
				MARKETING_VERSION = 1.0;
				PRODUCT_BUNDLE_IDENTIFIER = "cn.org.aivstudio.uikit-example";
				PRODUCT_NAME = "$(TARGET_NAME)";
				SDKROOT = iphoneos;
				SWIFT_EMIT_LOC_STRINGS = YES;
				TARGETED_DEVICE_FAMILY = "1,2";
				VALIDATE_PRODUCT = YES;
			};
			name = Release;
		};
		B63BD1E829179775005D62F0 /* Debug */ = {
			isa = XCBuildConfiguration;
			buildSettings = {
				BUNDLE_LOADER = "$(TEST_HOST)";
				CODE_SIGN_STYLE = Automatic;
				CURRENT_PROJECT_VERSION = 1;
				DEVELOPMENT_TEAM = S74ZA39WT5;
				GENERATE_INFOPLIST_FILE = YES;
				IPHONEOS_DEPLOYMENT_TARGET = 15.5;
				MARKETING_VERSION = 1.0;
				PRODUCT_BUNDLE_IDENTIFIER = "cn.org.aivstudio.uikit-exampleTests";
				PRODUCT_NAME = "$(TARGET_NAME)";
				SDKROOT = iphoneos;
				SWIFT_EMIT_LOC_STRINGS = NO;
				TARGETED_DEVICE_FAMILY = "1,2";
				TEST_HOST = "$(BUILT_PRODUCTS_DIR)/uikit-example.app/uikit-example";
			};
			name = Debug;
		};
		B63BD1E929179775005D62F0 /* Release */ = {
			isa = XCBuildConfiguration;
			buildSettings = {
				BUNDLE_LOADER = "$(TEST_HOST)";
				CODE_SIGN_STYLE = Automatic;
				CURRENT_PROJECT_VERSION = 1;
				DEVELOPMENT_TEAM = S74ZA39WT5;
				GENERATE_INFOPLIST_FILE = YES;
				IPHONEOS_DEPLOYMENT_TARGET = 15.5;
				MARKETING_VERSION = 1.0;
				PRODUCT_BUNDLE_IDENTIFIER = "cn.org.aivstudio.uikit-exampleTests";
				PRODUCT_NAME = "$(TARGET_NAME)";
				SDKROOT = iphoneos;
				SWIFT_EMIT_LOC_STRINGS = NO;
				TARGETED_DEVICE_FAMILY = "1,2";
				TEST_HOST = "$(BUILT_PRODUCTS_DIR)/uikit-example.app/uikit-example";
				VALIDATE_PRODUCT = YES;
			};
			name = Release;
		};
		B63BD1EA29179775005D62F0 /* Debug */ = {
			isa = XCBuildConfiguration;
			buildSettings = {
				CODE_SIGN_STYLE = Automatic;
				CURRENT_PROJECT_VERSION = 1;
				DEVELOPMENT_TEAM = S74ZA39WT5;
				GENERATE_INFOPLIST_FILE = YES;
				IPHONEOS_DEPLOYMENT_TARGET = 15.5;
				MARKETING_VERSION = 1.0;
				PRODUCT_BUNDLE_IDENTIFIER = "cn.org.aivstudio.uikit-exampleUITests";
				PRODUCT_NAME = "$(TARGET_NAME)";
				SDKROOT = iphoneos;
				SWIFT_EMIT_LOC_STRINGS = NO;
				TARGETED_DEVICE_FAMILY = "1,2";
				TEST_TARGET_NAME = "uikit-example";
			};
			name = Debug;
		};
		B63BD1EB29179775005D62F0 /* Release */ = {
			isa = XCBuildConfiguration;
			buildSettings = {
				CODE_SIGN_STYLE = Automatic;
				CURRENT_PROJECT_VERSION = 1;
				DEVELOPMENT_TEAM = S74ZA39WT5;
				GENERATE_INFOPLIST_FILE = YES;
				IPHONEOS_DEPLOYMENT_TARGET = 15.5;
				MARKETING_VERSION = 1.0;
				PRODUCT_BUNDLE_IDENTIFIER = "cn.org.aivstudio.uikit-exampleUITests";
				PRODUCT_NAME = "$(TARGET_NAME)";
				SDKROOT = iphoneos;
				SWIFT_EMIT_LOC_STRINGS = NO;
				TARGETED_DEVICE_FAMILY = "1,2";
				TEST_TARGET_NAME = "uikit-example";
				VALIDATE_PRODUCT = YES;
			};
			name = Release;
		};
		B63BD20A29179E87005D62F0 /* Debug */ = {
			isa = XCBuildConfiguration;
			buildSettings = {
				ASSETCATALOG_COMPILER_APPICON_NAME = AppIcon;
				ASSETCATALOG_COMPILER_GLOBAL_ACCENT_COLOR_NAME = AccentColor;
				CODE_SIGN_STYLE = Automatic;
				CURRENT_PROJECT_VERSION = 1;
				DEVELOPMENT_TEAM = S74ZA39WT5;
				GENERATE_INFOPLIST_FILE = YES;
				INFOPLIST_FILE = "uikit-picture-browser-example/Info.plist";
				INFOPLIST_KEY_UIApplicationSupportsIndirectInputEvents = YES;
				INFOPLIST_KEY_UILaunchStoryboardName = LaunchScreen;
				INFOPLIST_KEY_UIMainStoryboardFile = Main;
				INFOPLIST_KEY_UISupportedInterfaceOrientations = "";
				INFOPLIST_KEY_UISupportedInterfaceOrientations_iPad = "UIInterfaceOrientationPortrait UIInterfaceOrientationPortraitUpsideDown UIInterfaceOrientationLandscapeLeft UIInterfaceOrientationLandscapeRight";
				INFOPLIST_KEY_UISupportedInterfaceOrientations_iPhone = "UIInterfaceOrientationPortrait UIInterfaceOrientationLandscapeLeft UIInterfaceOrientationLandscapeRight";
				IPHONEOS_DEPLOYMENT_TARGET = 15.5;
				LD_RUNPATH_SEARCH_PATHS = (
					"$(inherited)",
					"@executable_path/Frameworks",
				);
				MARKETING_VERSION = 1.0;
				PRODUCT_BUNDLE_IDENTIFIER = "cn.org.aivstudio.uikit-picture-browser-example";
				PRODUCT_NAME = "$(TARGET_NAME)";
				SDKROOT = iphoneos;
				SWIFT_EMIT_LOC_STRINGS = YES;
				TARGETED_DEVICE_FAMILY = "1,2";
			};
			name = Debug;
		};
		B63BD20B29179E87005D62F0 /* Release */ = {
			isa = XCBuildConfiguration;
			buildSettings = {
				ASSETCATALOG_COMPILER_APPICON_NAME = AppIcon;
				ASSETCATALOG_COMPILER_GLOBAL_ACCENT_COLOR_NAME = AccentColor;
				CODE_SIGN_STYLE = Automatic;
				CURRENT_PROJECT_VERSION = 1;
				DEVELOPMENT_TEAM = S74ZA39WT5;
				GENERATE_INFOPLIST_FILE = YES;
				INFOPLIST_FILE = "uikit-picture-browser-example/Info.plist";
				INFOPLIST_KEY_UIApplicationSupportsIndirectInputEvents = YES;
				INFOPLIST_KEY_UILaunchStoryboardName = LaunchScreen;
				INFOPLIST_KEY_UIMainStoryboardFile = Main;
				INFOPLIST_KEY_UISupportedInterfaceOrientations = "";
				INFOPLIST_KEY_UISupportedInterfaceOrientations_iPad = "UIInterfaceOrientationPortrait UIInterfaceOrientationPortraitUpsideDown UIInterfaceOrientationLandscapeLeft UIInterfaceOrientationLandscapeRight";
				INFOPLIST_KEY_UISupportedInterfaceOrientations_iPhone = "UIInterfaceOrientationPortrait UIInterfaceOrientationLandscapeLeft UIInterfaceOrientationLandscapeRight";
				IPHONEOS_DEPLOYMENT_TARGET = 15.5;
				LD_RUNPATH_SEARCH_PATHS = (
					"$(inherited)",
					"@executable_path/Frameworks",
				);
				MARKETING_VERSION = 1.0;
				PRODUCT_BUNDLE_IDENTIFIER = "cn.org.aivstudio.uikit-picture-browser-example";
				PRODUCT_NAME = "$(TARGET_NAME)";
				SDKROOT = iphoneos;
				SWIFT_EMIT_LOC_STRINGS = YES;
				TARGETED_DEVICE_FAMILY = "1,2";
				VALIDATE_PRODUCT = YES;
			};
			name = Release;
		};
		B65C52CE290C2011008F5368 /* Debug */ = {
			isa = XCBuildConfiguration;
			buildSettings = {
				ALWAYS_SEARCH_USER_PATHS = NO;
				CLANG_ANALYZER_NONNULL = YES;
				CLANG_ANALYZER_NUMBER_OBJECT_CONVERSION = YES_AGGRESSIVE;
				CLANG_CXX_LANGUAGE_STANDARD = "gnu++17";
				CLANG_ENABLE_MODULES = YES;
				CLANG_ENABLE_OBJC_ARC = YES;
				CLANG_ENABLE_OBJC_WEAK = YES;
				CLANG_WARN_BLOCK_CAPTURE_AUTORELEASING = YES;
				CLANG_WARN_BOOL_CONVERSION = YES;
				CLANG_WARN_COMMA = YES;
				CLANG_WARN_CONSTANT_CONVERSION = YES;
				CLANG_WARN_DEPRECATED_OBJC_IMPLEMENTATIONS = YES;
				CLANG_WARN_DIRECT_OBJC_ISA_USAGE = YES_ERROR;
				CLANG_WARN_DOCUMENTATION_COMMENTS = YES;
				CLANG_WARN_EMPTY_BODY = YES;
				CLANG_WARN_ENUM_CONVERSION = YES;
				CLANG_WARN_INFINITE_RECURSION = YES;
				CLANG_WARN_INT_CONVERSION = YES;
				CLANG_WARN_NON_LITERAL_NULL_CONVERSION = YES;
				CLANG_WARN_OBJC_IMPLICIT_RETAIN_SELF = YES;
				CLANG_WARN_OBJC_LITERAL_CONVERSION = YES;
				CLANG_WARN_OBJC_ROOT_CLASS = YES_ERROR;
				CLANG_WARN_QUOTED_INCLUDE_IN_FRAMEWORK_HEADER = YES;
				CLANG_WARN_RANGE_LOOP_ANALYSIS = YES;
				CLANG_WARN_STRICT_PROTOTYPES = YES;
				CLANG_WARN_SUSPICIOUS_MOVE = YES;
				CLANG_WARN_UNGUARDED_AVAILABILITY = YES_AGGRESSIVE;
				CLANG_WARN_UNREACHABLE_CODE = YES;
				CLANG_WARN__DUPLICATE_METHOD_MATCH = YES;
				COPY_PHASE_STRIP = NO;
				DEBUG_INFORMATION_FORMAT = dwarf;
				ENABLE_STRICT_OBJC_MSGSEND = YES;
				ENABLE_TESTABILITY = YES;
				GCC_C_LANGUAGE_STANDARD = gnu11;
				GCC_DYNAMIC_NO_PIC = NO;
				GCC_NO_COMMON_BLOCKS = YES;
				GCC_OPTIMIZATION_LEVEL = 0;
				GCC_PREPROCESSOR_DEFINITIONS = (
					"DEBUG=1",
					"$(inherited)",
				);
				GCC_WARN_64_TO_32_BIT_CONVERSION = YES;
				GCC_WARN_ABOUT_RETURN_TYPE = YES_ERROR;
				GCC_WARN_UNDECLARED_SELECTOR = YES;
				GCC_WARN_UNINITIALIZED_AUTOS = YES_AGGRESSIVE;
				GCC_WARN_UNUSED_FUNCTION = YES;
				GCC_WARN_UNUSED_VARIABLE = YES;
				MACOSX_DEPLOYMENT_TARGET = 12.3;
				MTL_ENABLE_DEBUG_INFO = INCLUDE_SOURCE;
				MTL_FAST_MATH = YES;
				ONLY_ACTIVE_ARCH = YES;
				SDKROOT = macosx;
			};
			name = Debug;
		};
		B65C52CF290C2011008F5368 /* Release */ = {
			isa = XCBuildConfiguration;
			buildSettings = {
				ALWAYS_SEARCH_USER_PATHS = NO;
				CLANG_ANALYZER_NONNULL = YES;
				CLANG_ANALYZER_NUMBER_OBJECT_CONVERSION = YES_AGGRESSIVE;
				CLANG_CXX_LANGUAGE_STANDARD = "gnu++17";
				CLANG_ENABLE_MODULES = YES;
				CLANG_ENABLE_OBJC_ARC = YES;
				CLANG_ENABLE_OBJC_WEAK = YES;
				CLANG_WARN_BLOCK_CAPTURE_AUTORELEASING = YES;
				CLANG_WARN_BOOL_CONVERSION = YES;
				CLANG_WARN_COMMA = YES;
				CLANG_WARN_CONSTANT_CONVERSION = YES;
				CLANG_WARN_DEPRECATED_OBJC_IMPLEMENTATIONS = YES;
				CLANG_WARN_DIRECT_OBJC_ISA_USAGE = YES_ERROR;
				CLANG_WARN_DOCUMENTATION_COMMENTS = YES;
				CLANG_WARN_EMPTY_BODY = YES;
				CLANG_WARN_ENUM_CONVERSION = YES;
				CLANG_WARN_INFINITE_RECURSION = YES;
				CLANG_WARN_INT_CONVERSION = YES;
				CLANG_WARN_NON_LITERAL_NULL_CONVERSION = YES;
				CLANG_WARN_OBJC_IMPLICIT_RETAIN_SELF = YES;
				CLANG_WARN_OBJC_LITERAL_CONVERSION = YES;
				CLANG_WARN_OBJC_ROOT_CLASS = YES_ERROR;
				CLANG_WARN_QUOTED_INCLUDE_IN_FRAMEWORK_HEADER = YES;
				CLANG_WARN_RANGE_LOOP_ANALYSIS = YES;
				CLANG_WARN_STRICT_PROTOTYPES = YES;
				CLANG_WARN_SUSPICIOUS_MOVE = YES;
				CLANG_WARN_UNGUARDED_AVAILABILITY = YES_AGGRESSIVE;
				CLANG_WARN_UNREACHABLE_CODE = YES;
				CLANG_WARN__DUPLICATE_METHOD_MATCH = YES;
				COPY_PHASE_STRIP = NO;
				DEBUG_INFORMATION_FORMAT = "dwarf-with-dsym";
				ENABLE_NS_ASSERTIONS = NO;
				ENABLE_STRICT_OBJC_MSGSEND = YES;
				GCC_C_LANGUAGE_STANDARD = gnu11;
				GCC_NO_COMMON_BLOCKS = YES;
				GCC_WARN_64_TO_32_BIT_CONVERSION = YES;
				GCC_WARN_ABOUT_RETURN_TYPE = YES_ERROR;
				GCC_WARN_UNDECLARED_SELECTOR = YES;
				GCC_WARN_UNINITIALIZED_AUTOS = YES_AGGRESSIVE;
				GCC_WARN_UNUSED_FUNCTION = YES;
				GCC_WARN_UNUSED_VARIABLE = YES;
				MACOSX_DEPLOYMENT_TARGET = 12.3;
				MTL_ENABLE_DEBUG_INFO = NO;
				MTL_FAST_MATH = YES;
				SDKROOT = macosx;
			};
			name = Release;
		};
		B65C52D1290C2011008F5368 /* Debug */ = {
			isa = XCBuildConfiguration;
			buildSettings = {
				CODE_SIGN_STYLE = Automatic;
				DEVELOPMENT_TEAM = S74ZA39WT5;
				ENABLE_HARDENED_RUNTIME = YES;
				PRODUCT_NAME = "$(TARGET_NAME)";
			};
			name = Debug;
		};
		B65C52D2290C2011008F5368 /* Release */ = {
			isa = XCBuildConfiguration;
			buildSettings = {
				CODE_SIGN_STYLE = Automatic;
				DEVELOPMENT_TEAM = S74ZA39WT5;
				ENABLE_HARDENED_RUNTIME = YES;
				PRODUCT_NAME = "$(TARGET_NAME)";
			};
			name = Release;
		};
		B65C52DB290C2273008F5368 /* Debug */ = {
			isa = XCBuildConfiguration;
			buildSettings = {
				CODE_SIGN_STYLE = Automatic;
				DEVELOPMENT_TEAM = S74ZA39WT5;
				ENABLE_HARDENED_RUNTIME = YES;
				PRODUCT_NAME = "$(TARGET_NAME)";
			};
			name = Debug;
		};
		B65C52DC290C2273008F5368 /* Release */ = {
			isa = XCBuildConfiguration;
			buildSettings = {
				CODE_SIGN_STYLE = Automatic;
				DEVELOPMENT_TEAM = S74ZA39WT5;
				ENABLE_HARDENED_RUNTIME = YES;
				PRODUCT_NAME = "$(TARGET_NAME)";
			};
			name = Release;
		};
		B6BE2070291A9F88003E2CD8 /* Debug */ = {
			isa = XCBuildConfiguration;
			buildSettings = {
				ASSETCATALOG_COMPILER_APPICON_NAME = AppIcon;
				ASSETCATALOG_COMPILER_GLOBAL_ACCENT_COLOR_NAME = AccentColor;
				CODE_SIGN_STYLE = Automatic;
				CURRENT_PROJECT_VERSION = 1;
				DEVELOPMENT_TEAM = S74ZA39WT5;
				GENERATE_INFOPLIST_FILE = YES;
				INFOPLIST_FILE = "uikit-app-store-example/Info.plist";
				INFOPLIST_KEY_UIApplicationSupportsIndirectInputEvents = YES;
				INFOPLIST_KEY_UILaunchStoryboardName = LaunchScreen;
				INFOPLIST_KEY_UIMainStoryboardFile = Main;
				INFOPLIST_KEY_UISupportedInterfaceOrientations_iPad = "UIInterfaceOrientationPortrait UIInterfaceOrientationPortraitUpsideDown UIInterfaceOrientationLandscapeLeft UIInterfaceOrientationLandscapeRight";
				INFOPLIST_KEY_UISupportedInterfaceOrientations_iPhone = "UIInterfaceOrientationPortrait UIInterfaceOrientationLandscapeLeft UIInterfaceOrientationLandscapeRight";
				IPHONEOS_DEPLOYMENT_TARGET = 15.5;
				LD_RUNPATH_SEARCH_PATHS = (
					"$(inherited)",
					"@executable_path/Frameworks",
				);
				MARKETING_VERSION = 1.0;
				PRODUCT_BUNDLE_IDENTIFIER = "cn.org.aivstudio.uikit-app-store-example";
				PRODUCT_NAME = "$(TARGET_NAME)";
				SDKROOT = iphoneos;
				SWIFT_EMIT_LOC_STRINGS = YES;
				TARGETED_DEVICE_FAMILY = "1,2";
			};
			name = Debug;
		};
		B6BE2071291A9F88003E2CD8 /* Release */ = {
			isa = XCBuildConfiguration;
			buildSettings = {
				ASSETCATALOG_COMPILER_APPICON_NAME = AppIcon;
				ASSETCATALOG_COMPILER_GLOBAL_ACCENT_COLOR_NAME = AccentColor;
				CODE_SIGN_STYLE = Automatic;
				CURRENT_PROJECT_VERSION = 1;
				DEVELOPMENT_TEAM = S74ZA39WT5;
				GENERATE_INFOPLIST_FILE = YES;
				INFOPLIST_FILE = "uikit-app-store-example/Info.plist";
				INFOPLIST_KEY_UIApplicationSupportsIndirectInputEvents = YES;
				INFOPLIST_KEY_UILaunchStoryboardName = LaunchScreen;
				INFOPLIST_KEY_UIMainStoryboardFile = Main;
				INFOPLIST_KEY_UISupportedInterfaceOrientations_iPad = "UIInterfaceOrientationPortrait UIInterfaceOrientationPortraitUpsideDown UIInterfaceOrientationLandscapeLeft UIInterfaceOrientationLandscapeRight";
				INFOPLIST_KEY_UISupportedInterfaceOrientations_iPhone = "UIInterfaceOrientationPortrait UIInterfaceOrientationLandscapeLeft UIInterfaceOrientationLandscapeRight";
				IPHONEOS_DEPLOYMENT_TARGET = 15.5;
				LD_RUNPATH_SEARCH_PATHS = (
					"$(inherited)",
					"@executable_path/Frameworks",
				);
				MARKETING_VERSION = 1.0;
				PRODUCT_BUNDLE_IDENTIFIER = "cn.org.aivstudio.uikit-app-store-example";
				PRODUCT_NAME = "$(TARGET_NAME)";
				SDKROOT = iphoneos;
				SWIFT_EMIT_LOC_STRINGS = YES;
				TARGETED_DEVICE_FAMILY = "1,2";
				VALIDATE_PRODUCT = YES;
			};
			name = Release;
		};
/* End XCBuildConfiguration section */

/* Begin XCConfigurationList section */
		B63BD1B2290E8579005D62F0 /* Build configuration list for PBXNativeTarget "oc-class-property-example" */ = {
			isa = XCConfigurationList;
			buildConfigurations = (
				B63BD1B0290E8579005D62F0 /* Debug */,
				B63BD1B1290E8579005D62F0 /* Release */,
			);
			defaultConfigurationIsVisible = 0;
			defaultConfigurationName = Release;
		};
		B63BD1EC29179775005D62F0 /* Build configuration list for PBXNativeTarget "uikit-example" */ = {
			isa = XCConfigurationList;
			buildConfigurations = (
				B63BD1E629179775005D62F0 /* Debug */,
				B63BD1E729179775005D62F0 /* Release */,
			);
			defaultConfigurationIsVisible = 0;
			defaultConfigurationName = Release;
		};
		B63BD1ED29179775005D62F0 /* Build configuration list for PBXNativeTarget "uikit-exampleTests" */ = {
			isa = XCConfigurationList;
			buildConfigurations = (
				B63BD1E829179775005D62F0 /* Debug */,
				B63BD1E929179775005D62F0 /* Release */,
			);
			defaultConfigurationIsVisible = 0;
			defaultConfigurationName = Release;
		};
		B63BD1EE29179775005D62F0 /* Build configuration list for PBXNativeTarget "uikit-exampleUITests" */ = {
			isa = XCConfigurationList;
			buildConfigurations = (
				B63BD1EA29179775005D62F0 /* Debug */,
				B63BD1EB29179775005D62F0 /* Release */,
			);
			defaultConfigurationIsVisible = 0;
			defaultConfigurationName = Release;
		};
		B63BD20929179E87005D62F0 /* Build configuration list for PBXNativeTarget "uikit-picture-browser-example" */ = {
			isa = XCConfigurationList;
			buildConfigurations = (
				B63BD20A29179E87005D62F0 /* Debug */,
				B63BD20B29179E87005D62F0 /* Release */,
			);
			defaultConfigurationIsVisible = 0;
			defaultConfigurationName = Release;
		};
		B65C52C4290C2011008F5368 /* Build configuration list for PBXProject "learn-ios-develop" */ = {
			isa = XCConfigurationList;
			buildConfigurations = (
				B65C52CE290C2011008F5368 /* Debug */,
				B65C52CF290C2011008F5368 /* Release */,
			);
			defaultConfigurationIsVisible = 0;
			defaultConfigurationName = Release;
		};
		B65C52D0290C2011008F5368 /* Build configuration list for PBXNativeTarget "learn-ios-develop" */ = {
			isa = XCConfigurationList;
			buildConfigurations = (
				B65C52D1290C2011008F5368 /* Debug */,
				B65C52D2290C2011008F5368 /* Release */,
			);
			defaultConfigurationIsVisible = 0;
			defaultConfigurationName = Release;
		};
		B65C52DD290C2273008F5368 /* Build configuration list for PBXNativeTarget "oc-class-example" */ = {
			isa = XCConfigurationList;
			buildConfigurations = (
				B65C52DB290C2273008F5368 /* Debug */,
				B65C52DC290C2273008F5368 /* Release */,
			);
			defaultConfigurationIsVisible = 0;
			defaultConfigurationName = Release;
		};
		B6BE2072291A9F88003E2CD8 /* Build configuration list for PBXNativeTarget "uikit-app-store-example" */ = {
			isa = XCConfigurationList;
			buildConfigurations = (
				B6BE2070291A9F88003E2CD8 /* Debug */,
				B6BE2071291A9F88003E2CD8 /* Release */,
			);
			defaultConfigurationIsVisible = 0;
			defaultConfigurationName = Release;
		};
/* End XCConfigurationList section */
	};
	rootObject = B65C52C1290C2011008F5368 /* Project object */;
}
