// !$*UTF8*$!
{
	archiveVersion = 1;
	classes = {
	};
	objectVersion = 55;
	objects = {

/* Begin PBXBuildFile section */
		B65C52CD290C2011008F5368 /* main.m in Sources */ = {isa = PBXBuildFile; fileRef = B65C52CC290C2011008F5368 /* main.m */; };
		B65C52DA290C2273008F5368 /* main.m in Sources */ = {isa = PBXBuildFile; fileRef = B65C52D9290C2273008F5368 /* main.m */; };
		B65C52E0290C22A2008F5368 /* Student.m in Sources */ = {isa = PBXBuildFile; fileRef = B65C52DF290C22A2008F5368 /* Student.m */; };
/* End PBXBuildFile section */

/* Begin PBXCopyFilesBuildPhase section */
		B65C52C7290C2011008F5368 /* CopyFiles */ = {
			isa = PBXCopyFilesBuildPhase;
			buildActionMask = 2147483647;
			dstPath = /usr/share/man/man1/;
			dstSubfolderSpec = 0;
			files = (
			);
			runOnlyForDeploymentPostprocessing = 1;
		};
		B65C52D5290C2273008F5368 /* CopyFiles */ = {
			isa = PBXCopyFilesBuildPhase;
			buildActionMask = 2147483647;
			dstPath = /usr/share/man/man1/;
			dstSubfolderSpec = 0;
			files = (
			);
			runOnlyForDeploymentPostprocessing = 1;
		};
/* End PBXCopyFilesBuildPhase section */

/* Begin PBXFileReference section */
		B65C52C9290C2011008F5368 /* learn-ios-develop */ = {isa = PBXFileReference; explicitFileType = "compiled.mach-o.executable"; includeInIndex = 0; path = "learn-ios-develop"; sourceTree = BUILT_PRODUCTS_DIR; };
		B65C52CC290C2011008F5368 /* main.m */ = {isa = PBXFileReference; lastKnownFileType = sourcecode.c.objc; path = main.m; sourceTree = "<group>"; };
		B65C52D7290C2273008F5368 /* oc-class-example */ = {isa = PBXFileReference; explicitFileType = "compiled.mach-o.executable"; includeInIndex = 0; path = "oc-class-example"; sourceTree = BUILT_PRODUCTS_DIR; };
		B65C52D9290C2273008F5368 /* main.m */ = {isa = PBXFileReference; lastKnownFileType = sourcecode.c.objc; path = main.m; sourceTree = "<group>"; };
		B65C52DE290C22A2008F5368 /* Student.h */ = {isa = PBXFileReference; lastKnownFileType = sourcecode.c.h; path = Student.h; sourceTree = "<group>"; };
		B65C52DF290C22A2008F5368 /* Student.m */ = {isa = PBXFileReference; lastKnownFileType = sourcecode.c.objc; path = Student.m; sourceTree = "<group>"; };
/* End PBXFileReference section */

/* Begin PBXFrameworksBuildPhase section */
		B65C52C6290C2011008F5368 /* Frameworks */ = {
			isa = PBXFrameworksBuildPhase;
			buildActionMask = 2147483647;
			files = (
			);
			runOnlyForDeploymentPostprocessing = 0;
		};
		B65C52D4290C2273008F5368 /* Frameworks */ = {
			isa = PBXFrameworksBuildPhase;
			buildActionMask = 2147483647;
			files = (
			);
			runOnlyForDeploymentPostprocessing = 0;
		};
/* End PBXFrameworksBuildPhase section */

/* Begin PBXGroup section */
		B65C52C0290C2011008F5368 = {
			isa = PBXGroup;
			children = (
				B65C52CB290C2011008F5368 /* learn-ios-develop */,
				B65C52D8290C2273008F5368 /* oc-class-example */,
				B65C52CA290C2011008F5368 /* Products */,
			);
			sourceTree = "<group>";
		};
		B65C52CA290C2011008F5368 /* Products */ = {
			isa = PBXGroup;
			children = (
				B65C52C9290C2011008F5368 /* learn-ios-develop */,
				B65C52D7290C2273008F5368 /* oc-class-example */,
			);
			name = Products;
			sourceTree = "<group>";
		};
		B65C52CB290C2011008F5368 /* learn-ios-develop */ = {
			isa = PBXGroup;
			children = (
				B65C52CC290C2011008F5368 /* main.m */,
			);
			path = "learn-ios-develop";
			sourceTree = "<group>";
		};
		B65C52D8290C2273008F5368 /* oc-class-example */ = {
			isa = PBXGroup;
			children = (
				B65C52D9290C2273008F5368 /* main.m */,
				B65C52DE290C22A2008F5368 /* Student.h */,
				B65C52DF290C22A2008F5368 /* Student.m */,
			);
			path = "oc-class-example";
			sourceTree = "<group>";
		};
/* End PBXGroup section */

/* Begin PBXNativeTarget section */
		B65C52C8290C2011008F5368 /* learn-ios-develop */ = {
			isa = PBXNativeTarget;
			buildConfigurationList = B65C52D0290C2011008F5368 /* Build configuration list for PBXNativeTarget "learn-ios-develop" */;
			buildPhases = (
				B65C52C5290C2011008F5368 /* Sources */,
				B65C52C6290C2011008F5368 /* Frameworks */,
				B65C52C7290C2011008F5368 /* CopyFiles */,
			);
			buildRules = (
			);
			dependencies = (
			);
			name = "learn-ios-develop";
			productName = "learn-ios-develop";
			productReference = B65C52C9290C2011008F5368 /* learn-ios-develop */;
			productType = "com.apple.product-type.tool";
		};
		B65C52D6290C2273008F5368 /* oc-class-example */ = {
			isa = PBXNativeTarget;
			buildConfigurationList = B65C52DD290C2273008F5368 /* Build configuration list for PBXNativeTarget "oc-class-example" */;
			buildPhases = (
				B65C52D3290C2273008F5368 /* Sources */,
				B65C52D4290C2273008F5368 /* Frameworks */,
				B65C52D5290C2273008F5368 /* CopyFiles */,
			);
			buildRules = (
			);
			dependencies = (
			);
			name = "oc-class-example";
			productName = "oc-class-example";
			productReference = B65C52D7290C2273008F5368 /* oc-class-example */;
			productType = "com.apple.product-type.tool";
		};
/* End PBXNativeTarget section */

/* Begin PBXProject section */
		B65C52C1290C2011008F5368 /* Project object */ = {
			isa = PBXProject;
			attributes = {
				BuildIndependentTargetsInParallel = 1;
				LastUpgradeCheck = 1340;
				TargetAttributes = {
					B65C52C8290C2011008F5368 = {
						CreatedOnToolsVersion = 13.4.1;
					};
					B65C52D6290C2273008F5368 = {
						CreatedOnToolsVersion = 13.4.1;
					};
				};
			};
			buildConfigurationList = B65C52C4290C2011008F5368 /* Build configuration list for PBXProject "learn-ios-develop" */;
			compatibilityVersion = "Xcode 13.0";
			developmentRegion = en;
			hasScannedForEncodings = 0;
			knownRegions = (
				en,
				Base,
			);
			mainGroup = B65C52C0290C2011008F5368;
			productRefGroup = B65C52CA290C2011008F5368 /* Products */;
			projectDirPath = "";
			projectRoot = "";
			targets = (
				B65C52C8290C2011008F5368 /* learn-ios-develop */,
				B65C52D6290C2273008F5368 /* oc-class-example */,
			);
		};
/* End PBXProject section */

/* Begin PBXSourcesBuildPhase section */
		B65C52C5290C2011008F5368 /* Sources */ = {
			isa = PBXSourcesBuildPhase;
			buildActionMask = 2147483647;
			files = (
				B65C52CD290C2011008F5368 /* main.m in Sources */,
			);
			runOnlyForDeploymentPostprocessing = 0;
		};
		B65C52D3290C2273008F5368 /* Sources */ = {
			isa = PBXSourcesBuildPhase;
			buildActionMask = 2147483647;
			files = (
				B65C52DA290C2273008F5368 /* main.m in Sources */,
				B65C52E0290C22A2008F5368 /* Student.m in Sources */,
			);
			runOnlyForDeploymentPostprocessing = 0;
		};
/* End PBXSourcesBuildPhase section */

/* Begin XCBuildConfiguration section */
		B65C52CE290C2011008F5368 /* Debug */ = {
			isa = XCBuildConfiguration;
			buildSettings = {
				ALWAYS_SEARCH_USER_PATHS = NO;
				CLANG_ANALYZER_NONNULL = YES;
				CLANG_ANALYZER_NUMBER_OBJECT_CONVERSION = YES_AGGRESSIVE;
				CLANG_CXX_LANGUAGE_STANDARD = "gnu++17";
				CLANG_ENABLE_MODULES = YES;
				CLANG_ENABLE_OBJC_ARC = YES;
				CLANG_ENABLE_OBJC_WEAK = YES;
				CLANG_WARN_BLOCK_CAPTURE_AUTORELEASING = YES;
				CLANG_WARN_BOOL_CONVERSION = YES;
				CLANG_WARN_COMMA = YES;
				CLANG_WARN_CONSTANT_CONVERSION = YES;
				CLANG_WARN_DEPRECATED_OBJC_IMPLEMENTATIONS = YES;
				CLANG_WARN_DIRECT_OBJC_ISA_USAGE = YES_ERROR;
				CLANG_WARN_DOCUMENTATION_COMMENTS = YES;
				CLANG_WARN_EMPTY_BODY = YES;
				CLANG_WARN_ENUM_CONVERSION = YES;
				CLANG_WARN_INFINITE_RECURSION = YES;
				CLANG_WARN_INT_CONVERSION = YES;
				CLANG_WARN_NON_LITERAL_NULL_CONVERSION = YES;
				CLANG_WARN_OBJC_IMPLICIT_RETAIN_SELF = YES;
				CLANG_WARN_OBJC_LITERAL_CONVERSION = YES;
				CLANG_WARN_OBJC_ROOT_CLASS = YES_ERROR;
				CLANG_WARN_QUOTED_INCLUDE_IN_FRAMEWORK_HEADER = YES;
				CLANG_WARN_RANGE_LOOP_ANALYSIS = YES;
				CLANG_WARN_STRICT_PROTOTYPES = YES;
				CLANG_WARN_SUSPICIOUS_MOVE = YES;
				CLANG_WARN_UNGUARDED_AVAILABILITY = YES_AGGRESSIVE;
				CLANG_WARN_UNREACHABLE_CODE = YES;
				CLANG_WARN__DUPLICATE_METHOD_MATCH = YES;
				COPY_PHASE_STRIP = NO;
				DEBUG_INFORMATION_FORMAT = dwarf;
				ENABLE_STRICT_OBJC_MSGSEND = YES;
				ENABLE_TESTABILITY = YES;
				GCC_C_LANGUAGE_STANDARD = gnu11;
				GCC_DYNAMIC_NO_PIC = NO;
				GCC_NO_COMMON_BLOCKS = YES;
				GCC_OPTIMIZATION_LEVEL = 0;
				GCC_PREPROCESSOR_DEFINITIONS = (
					"DEBUG=1",
					"$(inherited)",
				);
				GCC_WARN_64_TO_32_BIT_CONVERSION = YES;
				GCC_WARN_ABOUT_RETURN_TYPE = YES_ERROR;
				GCC_WARN_UNDECLARED_SELECTOR = YES;
				GCC_WARN_UNINITIALIZED_AUTOS = YES_AGGRESSIVE;
				GCC_WARN_UNUSED_FUNCTION = YES;
				GCC_WARN_UNUSED_VARIABLE = YES;
				MACOSX_DEPLOYMENT_TARGET = 12.3;
				MTL_ENABLE_DEBUG_INFO = INCLUDE_SOURCE;
				MTL_FAST_MATH = YES;
				ONLY_ACTIVE_ARCH = YES;
				SDKROOT = macosx;
			};
			name = Debug;
		};
		B65C52CF290C2011008F5368 /* Release */ = {
			isa = XCBuildConfiguration;
			buildSettings = {
				ALWAYS_SEARCH_USER_PATHS = NO;
				CLANG_ANALYZER_NONNULL = YES;
				CLANG_ANALYZER_NUMBER_OBJECT_CONVERSION = YES_AGGRESSIVE;
				CLANG_CXX_LANGUAGE_STANDARD = "gnu++17";
				CLANG_ENABLE_MODULES = YES;
				CLANG_ENABLE_OBJC_ARC = YES;
				CLANG_ENABLE_OBJC_WEAK = YES;
				CLANG_WARN_BLOCK_CAPTURE_AUTORELEASING = YES;
				CLANG_WARN_BOOL_CONVERSION = YES;
				CLANG_WARN_COMMA = YES;
				CLANG_WARN_CONSTANT_CONVERSION = YES;
				CLANG_WARN_DEPRECATED_OBJC_IMPLEMENTATIONS = YES;
				CLANG_WARN_DIRECT_OBJC_ISA_USAGE = YES_ERROR;
				CLANG_WARN_DOCUMENTATION_COMMENTS = YES;
				CLANG_WARN_EMPTY_BODY = YES;
				CLANG_WARN_ENUM_CONVERSION = YES;
				CLANG_WARN_INFINITE_RECURSION = YES;
				CLANG_WARN_INT_CONVERSION = YES;
				CLANG_WARN_NON_LITERAL_NULL_CONVERSION = YES;
				CLANG_WARN_OBJC_IMPLICIT_RETAIN_SELF = YES;
				CLANG_WARN_OBJC_LITERAL_CONVERSION = YES;
				CLANG_WARN_OBJC_ROOT_CLASS = YES_ERROR;
				CLANG_WARN_QUOTED_INCLUDE_IN_FRAMEWORK_HEADER = YES;
				CLANG_WARN_RANGE_LOOP_ANALYSIS = YES;
				CLANG_WARN_STRICT_PROTOTYPES = YES;
				CLANG_WARN_SUSPICIOUS_MOVE = YES;
				CLANG_WARN_UNGUARDED_AVAILABILITY = YES_AGGRESSIVE;
				CLANG_WARN_UNREACHABLE_CODE = YES;
				CLANG_WARN__DUPLICATE_METHOD_MATCH = YES;
				COPY_PHASE_STRIP = NO;
				DEBUG_INFORMATION_FORMAT = "dwarf-with-dsym";
				ENABLE_NS_ASSERTIONS = NO;
				ENABLE_STRICT_OBJC_MSGSEND = YES;
				GCC_C_LANGUAGE_STANDARD = gnu11;
				GCC_NO_COMMON_BLOCKS = YES;
				GCC_WARN_64_TO_32_BIT_CONVERSION = YES;
				GCC_WARN_ABOUT_RETURN_TYPE = YES_ERROR;
				GCC_WARN_UNDECLARED_SELECTOR = YES;
				GCC_WARN_UNINITIALIZED_AUTOS = YES_AGGRESSIVE;
				GCC_WARN_UNUSED_FUNCTION = YES;
				GCC_WARN_UNUSED_VARIABLE = YES;
				MACOSX_DEPLOYMENT_TARGET = 12.3;
				MTL_ENABLE_DEBUG_INFO = NO;
				MTL_FAST_MATH = YES;
				SDKROOT = macosx;
			};
			name = Release;
		};
		B65C52D1290C2011008F5368 /* Debug */ = {
			isa = XCBuildConfiguration;
			buildSettings = {
				CODE_SIGN_STYLE = Automatic;
				DEVELOPMENT_TEAM = S74ZA39WT5;
				ENABLE_HARDENED_RUNTIME = YES;
				PRODUCT_NAME = "$(TARGET_NAME)";
			};
			name = Debug;
		};
		B65C52D2290C2011008F5368 /* Release */ = {
			isa = XCBuildConfiguration;
			buildSettings = {
				CODE_SIGN_STYLE = Automatic;
				DEVELOPMENT_TEAM = S74ZA39WT5;
				ENABLE_HARDENED_RUNTIME = YES;
				PRODUCT_NAME = "$(TARGET_NAME)";
			};
			name = Release;
		};
		B65C52DB290C2273008F5368 /* Debug */ = {
			isa = XCBuildConfiguration;
			buildSettings = {
				CODE_SIGN_STYLE = Automatic;
				DEVELOPMENT_TEAM = S74ZA39WT5;
				ENABLE_HARDENED_RUNTIME = YES;
				PRODUCT_NAME = "$(TARGET_NAME)";
			};
			name = Debug;
		};
		B65C52DC290C2273008F5368 /* Release */ = {
			isa = XCBuildConfiguration;
			buildSettings = {
				CODE_SIGN_STYLE = Automatic;
				DEVELOPMENT_TEAM = S74ZA39WT5;
				ENABLE_HARDENED_RUNTIME = YES;
				PRODUCT_NAME = "$(TARGET_NAME)";
			};
			name = Release;
		};
/* End XCBuildConfiguration section */

/* Begin XCConfigurationList section */
		B65C52C4290C2011008F5368 /* Build configuration list for PBXProject "learn-ios-develop" */ = {
			isa = XCConfigurationList;
			buildConfigurations = (
				B65C52CE290C2011008F5368 /* Debug */,
				B65C52CF290C2011008F5368 /* Release */,
			);
			defaultConfigurationIsVisible = 0;
			defaultConfigurationName = Release;
		};
		B65C52D0290C2011008F5368 /* Build configuration list for PBXNativeTarget "learn-ios-develop" */ = {
			isa = XCConfigurationList;
			buildConfigurations = (
				B65C52D1290C2011008F5368 /* Debug */,
				B65C52D2290C2011008F5368 /* Release */,
			);
			defaultConfigurationIsVisible = 0;
			defaultConfigurationName = Release;
		};
		B65C52DD290C2273008F5368 /* Build configuration list for PBXNativeTarget "oc-class-example" */ = {
			isa = XCConfigurationList;
			buildConfigurations = (
				B65C52DB290C2273008F5368 /* Debug */,
				B65C52DC290C2273008F5368 /* Release */,
			);
			defaultConfigurationIsVisible = 0;
			defaultConfigurationName = Release;
		};
/* End XCConfigurationList section */
	};
	rootObject = B65C52C1290C2011008F5368 /* Project object */;
}
